// !$*UTF8*$!
{
	archiveVersion = 1;
	classes = {
	};
	objectVersion = 46;
	objects = {

/* Begin PBXBuildFile section */
		2A9C92661E96D9B100D38E14 /* AppDelegate.swift in Sources */ = {isa = PBXBuildFile; fileRef = 2A9C92651E96D9B100D38E14 /* AppDelegate.swift */; };
		2A9C92681E96D9B100D38E14 /* MainVC.swift in Sources */ = {isa = PBXBuildFile; fileRef = 2A9C92671E96D9B100D38E14 /* MainVC.swift */; };
		2A9C926B1E96D9B100D38E14 /* Main.storyboard in Resources */ = {isa = PBXBuildFile; fileRef = 2A9C92691E96D9B100D38E14 /* Main.storyboard */; };
		2A9C926E1E96D9B100D38E14 /* WishList.xcdatamodeld in Sources */ = {isa = PBXBuildFile; fileRef = 2A9C926C1E96D9B100D38E14 /* WishList.xcdatamodeld */; };
		2A9C92701E96D9B100D38E14 /* Assets.xcassets in Resources */ = {isa = PBXBuildFile; fileRef = 2A9C926F1E96D9B100D38E14 /* Assets.xcassets */; };
		2A9C92731E96D9B100D38E14 /* LaunchScreen.storyboard in Resources */ = {isa = PBXBuildFile; fileRef = 2A9C92711E96D9B100D38E14 /* LaunchScreen.storyboard */; };
		2A9C927E1E96D9B100D38E14 /* WishListTests.swift in Sources */ = {isa = PBXBuildFile; fileRef = 2A9C927D1E96D9B100D38E14 /* WishListTests.swift */; };
		2A9C92AE1E96E43C00D38E14 /* Image+CoreDataClass.swift in Sources */ = {isa = PBXBuildFile; fileRef = 2A9C92A61E96E43C00D38E14 /* Image+CoreDataClass.swift */; };
		2A9C92AF1E96E43C00D38E14 /* Image+CoreDataProperties.swift in Sources */ = {isa = PBXBuildFile; fileRef = 2A9C92A71E96E43C00D38E14 /* Image+CoreDataProperties.swift */; };
		2A9C92B01E96E43C00D38E14 /* Item+CoreDataClass.swift in Sources */ = {isa = PBXBuildFile; fileRef = 2A9C92A81E96E43C00D38E14 /* Item+CoreDataClass.swift */; };
		2A9C92B11E96E43C00D38E14 /* Item+CoreDataProperties.swift in Sources */ = {isa = PBXBuildFile; fileRef = 2A9C92A91E96E43C00D38E14 /* Item+CoreDataProperties.swift */; };
		2A9C92B21E96E43C00D38E14 /* Store+CoreDataClass.swift in Sources */ = {isa = PBXBuildFile; fileRef = 2A9C92AA1E96E43C00D38E14 /* Store+CoreDataClass.swift */; };
		2A9C92B31E96E43C00D38E14 /* Store+CoreDataProperties.swift in Sources */ = {isa = PBXBuildFile; fileRef = 2A9C92AB1E96E43C00D38E14 /* Store+CoreDataProperties.swift */; };
		2A9C92B41E96E43C00D38E14 /* ItemType+CoreDataClass.swift in Sources */ = {isa = PBXBuildFile; fileRef = 2A9C92AC1E96E43C00D38E14 /* ItemType+CoreDataClass.swift */; };
		2A9C92B51E96E43C00D38E14 /* ItemType+CoreDataProperties.swift in Sources */ = {isa = PBXBuildFile; fileRef = 2A9C92AD1E96E43C00D38E14 /* ItemType+CoreDataProperties.swift */; };
/* End PBXBuildFile section */

/* Begin PBXContainerItemProxy section */
		2A9C927A1E96D9B100D38E14 /* PBXContainerItemProxy */ = {
			isa = PBXContainerItemProxy;
			containerPortal = 2A9C925A1E96D9B100D38E14 /* Project object */;
			proxyType = 1;
			remoteGlobalIDString = 2A9C92611E96D9B100D38E14;
			remoteInfo = WishList;
		};
/* End PBXContainerItemProxy section */

/* Begin PBXFileReference section */
		2A9C92621E96D9B100D38E14 /* WishList.app */ = {isa = PBXFileReference; explicitFileType = wrapper.application; includeInIndex = 0; path = WishList.app; sourceTree = BUILT_PRODUCTS_DIR; };
		2A9C92651E96D9B100D38E14 /* AppDelegate.swift */ = {isa = PBXFileReference; lastKnownFileType = sourcecode.swift; path = AppDelegate.swift; sourceTree = "<group>"; };
		2A9C92671E96D9B100D38E14 /* MainVC.swift */ = {isa = PBXFileReference; lastKnownFileType = sourcecode.swift; path = MainVC.swift; sourceTree = "<group>"; };
		2A9C926A1E96D9B100D38E14 /* Base */ = {isa = PBXFileReference; lastKnownFileType = file.storyboard; name = Base; path = Base.lproj/Main.storyboard; sourceTree = "<group>"; };
		2A9C926D1E96D9B100D38E14 /* WishList.xcdatamodel */ = {isa = PBXFileReference; lastKnownFileType = wrapper.xcdatamodel; path = WishList.xcdatamodel; sourceTree = "<group>"; };
		2A9C926F1E96D9B100D38E14 /* Assets.xcassets */ = {isa = PBXFileReference; lastKnownFileType = folder.assetcatalog; path = Assets.xcassets; sourceTree = "<group>"; };
		2A9C92721E96D9B100D38E14 /* Base */ = {isa = PBXFileReference; lastKnownFileType = file.storyboard; name = Base; path = Base.lproj/LaunchScreen.storyboard; sourceTree = "<group>"; };
		2A9C92741E96D9B100D38E14 /* Info.plist */ = {isa = PBXFileReference; lastKnownFileType = text.plist.xml; path = Info.plist; sourceTree = "<group>"; };
		2A9C92791E96D9B100D38E14 /* WishListTests.xctest */ = {isa = PBXFileReference; explicitFileType = wrapper.cfbundle; includeInIndex = 0; path = WishListTests.xctest; sourceTree = BUILT_PRODUCTS_DIR; };
		2A9C927D1E96D9B100D38E14 /* WishListTests.swift */ = {isa = PBXFileReference; lastKnownFileType = sourcecode.swift; path = WishListTests.swift; sourceTree = "<group>"; };
		2A9C927F1E96D9B100D38E14 /* Info.plist */ = {isa = PBXFileReference; lastKnownFileType = text.plist.xml; path = Info.plist; sourceTree = "<group>"; };
		2A9C92A61E96E43C00D38E14 /* Image+CoreDataClass.swift */ = {isa = PBXFileReference; fileEncoding = 4; lastKnownFileType = sourcecode.swift; path = "Image+CoreDataClass.swift"; sourceTree = "<group>"; };
		2A9C92A71E96E43C00D38E14 /* Image+CoreDataProperties.swift */ = {isa = PBXFileReference; fileEncoding = 4; lastKnownFileType = sourcecode.swift; path = "Image+CoreDataProperties.swift"; sourceTree = "<group>"; };
		2A9C92A81E96E43C00D38E14 /* Item+CoreDataClass.swift */ = {isa = PBXFileReference; fileEncoding = 4; lastKnownFileType = sourcecode.swift; path = "Item+CoreDataClass.swift"; sourceTree = "<group>"; };
		2A9C92A91E96E43C00D38E14 /* Item+CoreDataProperties.swift */ = {isa = PBXFileReference; fileEncoding = 4; lastKnownFileType = sourcecode.swift; path = "Item+CoreDataProperties.swift"; sourceTree = "<group>"; };
		2A9C92AA1E96E43C00D38E14 /* Store+CoreDataClass.swift */ = {isa = PBXFileReference; fileEncoding = 4; lastKnownFileType = sourcecode.swift; path = "Store+CoreDataClass.swift"; sourceTree = "<group>"; };
		2A9C92AB1E96E43C00D38E14 /* Store+CoreDataProperties.swift */ = {isa = PBXFileReference; fileEncoding = 4; lastKnownFileType = sourcecode.swift; path = "Store+CoreDataProperties.swift"; sourceTree = "<group>"; };
		2A9C92AC1E96E43C00D38E14 /* ItemType+CoreDataClass.swift */ = {isa = PBXFileReference; fileEncoding = 4; lastKnownFileType = sourcecode.swift; path = "ItemType+CoreDataClass.swift"; sourceTree = "<group>"; };
		2A9C92AD1E96E43C00D38E14 /* ItemType+CoreDataProperties.swift */ = {isa = PBXFileReference; fileEncoding = 4; lastKnownFileType = sourcecode.swift; path = "ItemType+CoreDataProperties.swift"; sourceTree = "<group>"; };
/* End PBXFileReference section */

/* Begin PBXFrameworksBuildPhase section */
		2A9C925F1E96D9B100D38E14 /* Frameworks */ = {
			isa = PBXFrameworksBuildPhase;
			buildActionMask = 2147483647;
			files = (
			);
			runOnlyForDeploymentPostprocessing = 0;
		};
		2A9C92761E96D9B100D38E14 /* Frameworks */ = {
			isa = PBXFrameworksBuildPhase;
			buildActionMask = 2147483647;
			files = (
			);
			runOnlyForDeploymentPostprocessing = 0;
		};
/* End PBXFrameworksBuildPhase section */

/* Begin PBXGroup section */
		2A9C92591E96D9B100D38E14 = {
			isa = PBXGroup;
			children = (
				2A9C92641E96D9B100D38E14 /* WishList */,
				2A9C927C1E96D9B100D38E14 /* WishListTests */,
				2A9C92631E96D9B100D38E14 /* Products */,
			);
			sourceTree = "<group>";
		};
		2A9C92631E96D9B100D38E14 /* Products */ = {
			isa = PBXGroup;
			children = (
				2A9C92621E96D9B100D38E14 /* WishList.app */,
				2A9C92791E96D9B100D38E14 /* WishListTests.xctest */,
			);
			name = Products;
			sourceTree = "<group>";
		};
		2A9C92641E96D9B100D38E14 /* WishList */ = {
			isa = PBXGroup;
			children = (
				2A9C92B61E96F17300D38E14 /* View */,
				2A9C92941E96E14500D38E14 /* Model */,
				2A9C92651E96D9B100D38E14 /* AppDelegate.swift */,
				2A9C92671E96D9B100D38E14 /* MainVC.swift */,
				2A9C92691E96D9B100D38E14 /* Main.storyboard */,
				2A9C926F1E96D9B100D38E14 /* Assets.xcassets */,
				2A9C92711E96D9B100D38E14 /* LaunchScreen.storyboard */,
				2A9C92741E96D9B100D38E14 /* Info.plist */,
				2A9C926C1E96D9B100D38E14 /* WishList.xcdatamodeld */,
			);
			path = WishList;
			sourceTree = "<group>";
		};
		2A9C927C1E96D9B100D38E14 /* WishListTests */ = {
			isa = PBXGroup;
			children = (
				2A9C927D1E96D9B100D38E14 /* WishListTests.swift */,
				2A9C927F1E96D9B100D38E14 /* Info.plist */,
			);
			path = WishListTests;
			sourceTree = "<group>";
		};
		2A9C92941E96E14500D38E14 /* Model */ = {
			isa = PBXGroup;
			children = (
				2A9C92A61E96E43C00D38E14 /* Image+CoreDataClass.swift */,
				2A9C92A81E96E43C00D38E14 /* Item+CoreDataClass.swift */,
				2A9C92AA1E96E43C00D38E14 /* Store+CoreDataClass.swift */,
				2A9C92AC1E96E43C00D38E14 /* ItemType+CoreDataClass.swift */,
				2A9C92951E96E14C00D38E14 /* Generated */,
			);
			name = Model;
			sourceTree = "<group>";
		};
		2A9C92951E96E14C00D38E14 /* Generated */ = {
			isa = PBXGroup;
			children = (
				2A9C92AD1E96E43C00D38E14 /* ItemType+CoreDataProperties.swift */,
				2A9C92AB1E96E43C00D38E14 /* Store+CoreDataProperties.swift */,
				2A9C92A91E96E43C00D38E14 /* Item+CoreDataProperties.swift */,
				2A9C92A71E96E43C00D38E14 /* Image+CoreDataProperties.swift */,
			);
			name = Generated;
			sourceTree = "<group>";
		};
		2A9C92B61E96F17300D38E14 /* View */ = {
			isa = PBXGroup;
			children = (
			);
			name = View;
			sourceTree = "<group>";
		};
/* End PBXGroup section */

/* Begin PBXNativeTarget section */
		2A9C92611E96D9B100D38E14 /* WishList */ = {
			isa = PBXNativeTarget;
			buildConfigurationList = 2A9C92821E96D9B100D38E14 /* Build configuration list for PBXNativeTarget "WishList" */;
			buildPhases = (
				2A9C925E1E96D9B100D38E14 /* Sources */,
				2A9C925F1E96D9B100D38E14 /* Frameworks */,
				2A9C92601E96D9B100D38E14 /* Resources */,
			);
			buildRules = (
			);
			dependencies = (
			);
			name = WishList;
			productName = WishList;
			productReference = 2A9C92621E96D9B100D38E14 /* WishList.app */;
			productType = "com.apple.product-type.application";
		};
		2A9C92781E96D9B100D38E14 /* WishListTests */ = {
			isa = PBXNativeTarget;
			buildConfigurationList = 2A9C92851E96D9B100D38E14 /* Build configuration list for PBXNativeTarget "WishListTests" */;
			buildPhases = (
				2A9C92751E96D9B100D38E14 /* Sources */,
				2A9C92761E96D9B100D38E14 /* Frameworks */,
				2A9C92771E96D9B100D38E14 /* Resources */,
			);
			buildRules = (
			);
			dependencies = (
				2A9C927B1E96D9B100D38E14 /* PBXTargetDependency */,
			);
			name = WishListTests;
			productName = WishListTests;
			productReference = 2A9C92791E96D9B100D38E14 /* WishListTests.xctest */;
			productType = "com.apple.product-type.bundle.unit-test";
		};
/* End PBXNativeTarget section */

/* Begin PBXProject section */
		2A9C925A1E96D9B100D38E14 /* Project object */ = {
			isa = PBXProject;
			attributes = {
				LastSwiftUpdateCheck = 0830;
				LastUpgradeCheck = 0830;
				ORGANIZATIONNAME = Litroom;
				TargetAttributes = {
					2A9C92611E96D9B100D38E14 = {
						CreatedOnToolsVersion = 8.3;
						ProvisioningStyle = Automatic;
					};
					2A9C92781E96D9B100D38E14 = {
						CreatedOnToolsVersion = 8.3;
						ProvisioningStyle = Automatic;
						TestTargetID = 2A9C92611E96D9B100D38E14;
					};
				};
			};
			buildConfigurationList = 2A9C925D1E96D9B100D38E14 /* Build configuration list for PBXProject "WishList" */;
			compatibilityVersion = "Xcode 3.2";
			developmentRegion = English;
			hasScannedForEncodings = 0;
			knownRegions = (
				en,
				Base,
			);
			mainGroup = 2A9C92591E96D9B100D38E14;
			productRefGroup = 2A9C92631E96D9B100D38E14 /* Products */;
			projectDirPath = "";
			projectRoot = "";
			targets = (
				2A9C92611E96D9B100D38E14 /* WishList */,
				2A9C92781E96D9B100D38E14 /* WishListTests */,
			);
		};
/* End PBXProject section */

/* Begin PBXResourcesBuildPhase section */
		2A9C92601E96D9B100D38E14 /* Resources */ = {
			isa = PBXResourcesBuildPhase;
			buildActionMask = 2147483647;
			files = (
				2A9C92731E96D9B100D38E14 /* LaunchScreen.storyboard in Resources */,
				2A9C92701E96D9B100D38E14 /* Assets.xcassets in Resources */,
				2A9C926B1E96D9B100D38E14 /* Main.storyboard in Resources */,
			);
			runOnlyForDeploymentPostprocessing = 0;
		};
		2A9C92771E96D9B100D38E14 /* Resources */ = {
			isa = PBXResourcesBuildPhase;
			buildActionMask = 2147483647;
			files = (
			);
			runOnlyForDeploymentPostprocessing = 0;
		};
/* End PBXResourcesBuildPhase section */

/* Begin PBXSourcesBuildPhase section */
		2A9C925E1E96D9B100D38E14 /* Sources */ = {
			isa = PBXSourcesBuildPhase;
			buildActionMask = 2147483647;
			files = (
				2A9C92B11E96E43C00D38E14 /* Item+CoreDataProperties.swift in Sources */,
				2A9C92B01E96E43C00D38E14 /* Item+CoreDataClass.swift in Sources */,
				2A9C92B41E96E43C00D38E14 /* ItemType+CoreDataClass.swift in Sources */,
				2A9C92681E96D9B100D38E14 /* MainVC.swift in Sources */,
				2A9C92AF1E96E43C00D38E14 /* Image+CoreDataProperties.swift in Sources */,
				2A9C92B31E96E43C00D38E14 /* Store+CoreDataProperties.swift in Sources */,
				2A9C92661E96D9B100D38E14 /* AppDelegate.swift in Sources */,
				2A9C92B51E96E43C00D38E14 /* ItemType+CoreDataProperties.swift in Sources */,
				2A9C92B21E96E43C00D38E14 /* Store+CoreDataClass.swift in Sources */,
				2A9C926E1E96D9B100D38E14 /* WishList.xcdatamodeld in Sources */,
				2A9C92AE1E96E43C00D38E14 /* Image+CoreDataClass.swift in Sources */,
			);
			runOnlyForDeploymentPostprocessing = 0;
		};
		2A9C92751E96D9B100D38E14 /* Sources */ = {
			isa = PBXSourcesBuildPhase;
			buildActionMask = 2147483647;
			files = (
				2A9C927E1E96D9B100D38E14 /* WishListTests.swift in Sources */,
			);
			runOnlyForDeploymentPostprocessing = 0;
		};
/* End PBXSourcesBuildPhase section */

/* Begin PBXTargetDependency section */
		2A9C927B1E96D9B100D38E14 /* PBXTargetDependency */ = {
			isa = PBXTargetDependency;
			target = 2A9C92611E96D9B100D38E14 /* WishList */;
			targetProxy = 2A9C927A1E96D9B100D38E14 /* PBXContainerItemProxy */;
		};
/* End PBXTargetDependency section */

/* Begin PBXVariantGroup section */
		2A9C92691E96D9B100D38E14 /* Main.storyboard */ = {
			isa = PBXVariantGroup;
			children = (
				2A9C926A1E96D9B100D38E14 /* Base */,
			);
			name = Main.storyboard;
			sourceTree = "<group>";
		};
		2A9C92711E96D9B100D38E14 /* LaunchScreen.storyboard */ = {
			isa = PBXVariantGroup;
			children = (
				2A9C92721E96D9B100D38E14 /* Base */,
			);
			name = LaunchScreen.storyboard;
			sourceTree = "<group>";
		};
/* End PBXVariantGroup section */

/* Begin XCBuildConfiguration section */
		2A9C92801E96D9B100D38E14 /* Debug */ = {
			isa = XCBuildConfiguration;
			buildSettings = {
				ALWAYS_SEARCH_USER_PATHS = NO;
				CLANG_ANALYZER_NONNULL = YES;
				CLANG_ANALYZER_NUMBER_OBJECT_CONVERSION = YES_AGGRESSIVE;
				CLANG_CXX_LANGUAGE_STANDARD = "gnu++0x";
				CLANG_CXX_LIBRARY = "libc++";
				CLANG_ENABLE_MODULES = YES;
				CLANG_ENABLE_OBJC_ARC = YES;
				CLANG_WARN_BOOL_CONVERSION = YES;
				CLANG_WARN_CONSTANT_CONVERSION = YES;
				CLANG_WARN_DIRECT_OBJC_ISA_USAGE = YES_ERROR;
				CLANG_WARN_DOCUMENTATION_COMMENTS = YES;
				CLANG_WARN_EMPTY_BODY = YES;
				CLANG_WARN_ENUM_CONVERSION = YES;
				CLANG_WARN_INFINITE_RECURSION = YES;
				CLANG_WARN_INT_CONVERSION = YES;
				CLANG_WARN_OBJC_ROOT_CLASS = YES_ERROR;
				CLANG_WARN_SUSPICIOUS_MOVE = YES;
				CLANG_WARN_UNREACHABLE_CODE = YES;
				CLANG_WARN__DUPLICATE_METHOD_MATCH = YES;
				"CODE_SIGN_IDENTITY[sdk=iphoneos*]" = "iPhone Developer";
				COPY_PHASE_STRIP = NO;
				DEBUG_INFORMATION_FORMAT = dwarf;
				ENABLE_STRICT_OBJC_MSGSEND = YES;
				ENABLE_TESTABILITY = YES;
				GCC_C_LANGUAGE_STANDARD = gnu99;
				GCC_DYNAMIC_NO_PIC = NO;
				GCC_NO_COMMON_BLOCKS = YES;
				GCC_OPTIMIZATION_LEVEL = 0;
				GCC_PREPROCESSOR_DEFINITIONS = (
					"DEBUG=1",
					"$(inherited)",
				);
				GCC_WARN_64_TO_32_BIT_CONVERSION = YES;
				GCC_WARN_ABOUT_RETURN_TYPE = YES_ERROR;
				GCC_WARN_UNDECLARED_SELECTOR = YES;
				GCC_WARN_UNINITIALIZED_AUTOS = YES_AGGRESSIVE;
				GCC_WARN_UNUSED_FUNCTION = YES;
				GCC_WARN_UNUSED_VARIABLE = YES;
				IPHONEOS_DEPLOYMENT_TARGET = 10.3;
				MTL_ENABLE_DEBUG_INFO = YES;
				ONLY_ACTIVE_ARCH = YES;
				SDKROOT = iphoneos;
				SWIFT_ACTIVE_COMPILATION_CONDITIONS = DEBUG;
				SWIFT_OPTIMIZATION_LEVEL = "-Onone";
				TARGETED_DEVICE_FAMILY = "1,2";
			};
			name = Debug;
		};
		2A9C92811E96D9B100D38E14 /* Release */ = {
			isa = XCBuildConfiguration;
			buildSettings = {
				ALWAYS_SEARCH_USER_PATHS = NO;
				CLANG_ANALYZER_NONNULL = YES;
				CLANG_ANALYZER_NUMBER_OBJECT_CONVERSION = YES_AGGRESSIVE;
				CLANG_CXX_LANGUAGE_STANDARD = "gnu++0x";
				CLANG_CXX_LIBRARY = "libc++";
				CLANG_ENABLE_MODULES = YES;
				CLANG_ENABLE_OBJC_ARC = YES;
				CLANG_WARN_BOOL_CONVERSION = YES;
				CLANG_WARN_CONSTANT_CONVERSION = YES;
				CLANG_WARN_DIRECT_OBJC_ISA_USAGE = YES_ERROR;
				CLANG_WARN_DOCUMENTATION_COMMENTS = YES;
				CLANG_WARN_EMPTY_BODY = YES;
				CLANG_WARN_ENUM_CONVERSION = YES;
				CLANG_WARN_INFINITE_RECURSION = YES;
				CLANG_WARN_INT_CONVERSION = YES;
				CLANG_WARN_OBJC_ROOT_CLASS = YES_ERROR;
				CLANG_WARN_SUSPICIOUS_MOVE = YES;
				CLANG_WARN_UNREACHABLE_CODE = YES;
				CLANG_WARN__DUPLICATE_METHOD_MATCH = YES;
				"CODE_SIGN_IDENTITY[sdk=iphoneos*]" = "iPhone Developer";
				COPY_PHASE_STRIP = NO;
				DEBUG_INFORMATION_FORMAT = "dwarf-with-dsym";
				ENABLE_NS_ASSERTIONS = NO;
				ENABLE_STRICT_OBJC_MSGSEND = YES;
				GCC_C_LANGUAGE_STANDARD = gnu99;
				GCC_NO_COMMON_BLOCKS = YES;
				GCC_WARN_64_TO_32_BIT_CONVERSION = YES;
				GCC_WARN_ABOUT_RETURN_TYPE = YES_ERROR;
				GCC_WARN_UNDECLARED_SELECTOR = YES;
				GCC_WARN_UNINITIALIZED_AUTOS = YES_AGGRESSIVE;
				GCC_WARN_UNUSED_FUNCTION = YES;
				GCC_WARN_UNUSED_VARIABLE = YES;
				IPHONEOS_DEPLOYMENT_TARGET = 10.3;
				MTL_ENABLE_DEBUG_INFO = NO;
				SDKROOT = iphoneos;
				SWIFT_OPTIMIZATION_LEVEL = "-Owholemodule";
				TARGETED_DEVICE_FAMILY = "1,2";
				VALIDATE_PRODUCT = YES;
			};
			name = Release;
		};
		2A9C92831E96D9B100D38E14 /* Debug */ = {
			isa = XCBuildConfiguration;
			buildSettings = {
				ASSETCATALOG_COMPILER_APPICON_NAME = AppIcon;
				INFOPLIST_FILE = WishList/Info.plist;
				LD_RUNPATH_SEARCH_PATHS = "$(inherited) @executable_path/Frameworks";
				PRODUCT_BUNDLE_IDENTIFIER = com.litroom.FoodTracker.WishList;
				PRODUCT_NAME = "$(TARGET_NAME)";
				SWIFT_VERSION = 3.0;
			};
			name = Debug;
		};
		2A9C92841E96D9B100D38E14 /* Release */ = {
			isa = XCBuildConfiguration;
			buildSettings = {
				ASSETCATALOG_COMPILER_APPICON_NAME = AppIcon;
				INFOPLIST_FILE = WishList/Info.plist;
				LD_RUNPATH_SEARCH_PATHS = "$(inherited) @executable_path/Frameworks";
				PRODUCT_BUNDLE_IDENTIFIER = com.litroom.FoodTracker.WishList;
				PRODUCT_NAME = "$(TARGET_NAME)";
				SWIFT_VERSION = 3.0;
			};
			name = Release;
		};
		2A9C92861E96D9B100D38E14 /* Debug */ = {
			isa = XCBuildConfiguration;
			buildSettings = {
				ALWAYS_EMBED_SWIFT_STANDARD_LIBRARIES = YES;
				BUNDLE_LOADER = "$(TEST_HOST)";
				INFOPLIST_FILE = WishListTests/Info.plist;
				LD_RUNPATH_SEARCH_PATHS = "$(inherited) @executable_path/Frameworks @loader_path/Frameworks";
				PRODUCT_BUNDLE_IDENTIFIER = com.litroom.FoodTracker.WishListTests;
				PRODUCT_NAME = "$(TARGET_NAME)";
				SWIFT_VERSION = 3.0;
				TEST_HOST = "$(BUILT_PRODUCTS_DIR)/WishList.app/WishList";
			};
			name = Debug;
		};
		2A9C92871E96D9B100D38E14 /* Release */ = {
			isa = XCBuildConfiguration;
			buildSettings = {
				ALWAYS_EMBED_SWIFT_STANDARD_LIBRARIES = YES;
				BUNDLE_LOADER = "$(TEST_HOST)";
				INFOPLIST_FILE = WishListTests/Info.plist;
				LD_RUNPATH_SEARCH_PATHS = "$(inherited) @executable_path/Frameworks @loader_path/Frameworks";
				PRODUCT_BUNDLE_IDENTIFIER = com.litroom.FoodTracker.WishListTests;
				PRODUCT_NAME = "$(TARGET_NAME)";
				SWIFT_VERSION = 3.0;
				TEST_HOST = "$(BUILT_PRODUCTS_DIR)/WishList.app/WishList";
			};
			name = Release;
		};
/* End XCBuildConfiguration section */

/* Begin XCConfigurationList section */
		2A9C925D1E96D9B100D38E14 /* Build configuration list for PBXProject "WishList" */ = {
			isa = XCConfigurationList;
			buildConfigurations = (
				2A9C92801E96D9B100D38E14 /* Debug */,
				2A9C92811E96D9B100D38E14 /* Release */,
			);
			defaultConfigurationIsVisible = 0;
			defaultConfigurationName = Release;
		};
		2A9C92821E96D9B100D38E14 /* Build configuration list for PBXNativeTarget "WishList" */ = {
			isa = XCConfigurationList;
			buildConfigurations = (
				2A9C92831E96D9B100D38E14 /* Debug */,
				2A9C92841E96D9B100D38E14 /* Release */,
			);
			defaultConfigurationIsVisible = 0;
		};
		2A9C92851E96D9B100D38E14 /* Build configuration list for PBXNativeTarget "WishListTests" */ = {
			isa = XCConfigurationList;
			buildConfigurations = (
				2A9C92861E96D9B100D38E14 /* Debug */,
				2A9C92871E96D9B100D38E14 /* Release */,
			);
			defaultConfigurationIsVisible = 0;
		};
/* End XCConfigurationList section */

/* Begin XCVersionGroup section */
		2A9C926C1E96D9B100D38E14 /* WishList.xcdatamodeld */ = {
			isa = XCVersionGroup;
			children = (
				2A9C926D1E96D9B100D38E14 /* WishList.xcdatamodel */,
			);
			currentVersion = 2A9C926D1E96D9B100D38E14 /* WishList.xcdatamodel */;
			path = WishList.xcdatamodeld;
			sourceTree = "<group>";
			versionGroupType = wrapper.xcdatamodel;
		};
/* End XCVersionGroup section */
	};
	rootObject = 2A9C925A1E96D9B100D38E14 /* Project object */;
}
